
Microsoft Visual Studio Solution File, Format Version 12.00
# Visual Studio Version 17
VisualStudioVersion = 17.9.34902.65
MinimumVisualStudioVersion = 10.0.40219.1
Project("{FAE04EC0-301F-11D3-BF4B-00C04F79EFBC}") = "WebAPI", "WebAPI\WebAPI.csproj", "{FEB328EA-D49B-4F63-A202-6DAEA7006D7F}"
EndProject
Project("{FAE04EC0-301F-11D3-BF4B-00C04F79EFBC}") = "WebAPIServices", "WebAPIServices\WebAPIServices.csproj", "{DA0C087F-7C34-4741-AFC7-395CC1B7848D}"
EndProject
Project("{FAE04EC0-301F-11D3-BF4B-00C04F79EFBC}") = "WebAPIDatalayer", "WebAPIDatalayer\WebAPIDatalayer.csproj", "{D1F0F514-53E7-4A93-BF07-0498DF1A4985}"
EndProject
Global
	GlobalSection(SolutionConfigurationPlatforms) = preSolution
		Debug|Any CPU = Debug|Any CPU
		Release|Any CPU = Release|Any CPU
	EndGlobalSection
	GlobalSection(ProjectConfigurationPlatforms) = postSolution
		{FEB328EA-D49B-4F63-A202-6DAEA7006D7F}.Debug|Any CPU.ActiveCfg = Debug|Any CPU
		{FEB328EA-D49B-4F63-A202-6DAEA7006D7F}.Debug|Any CPU.Build.0 = Debug|Any CPU
		{FEB328EA-D49B-4F63-A202-6DAEA7006D7F}.Release|Any CPU.ActiveCfg = Release|Any CPU
		{FEB328EA-D49B-4F63-A202-6DAEA7006D7F}.Release|Any CPU.Build.0 = Release|Any CPU
		{DA0C087F-7C34-4741-AFC7-395CC1B7848D}.Debug|Any CPU.ActiveCfg = Debug|Any CPU
		{DA0C087F-7C34-4741-AFC7-395CC1B7848D}.Debug|Any CPU.Build.0 = Debug|Any CPU
		{DA0C087F-7C34-4741-AFC7-395CC1B7848D}.Release|Any CPU.ActiveCfg = Release|Any CPU
		{DA0C087F-7C34-4741-AFC7-395CC1B7848D}.Release|Any CPU.Build.0 = Release|Any CPU
		{D1F0F514-53E7-4A93-BF07-0498DF1A4985}.Debug|Any CPU.ActiveCfg = Debug|Any CPU
		{D1F0F514-53E7-4A93-BF07-0498DF1A4985}.Debug|Any CPU.Build.0 = Debug|Any CPU
		{D1F0F514-53E7-4A93-BF07-0498DF1A4985}.Release|Any CPU.ActiveCfg = Release|Any CPU
		{D1F0F514-53E7-4A93-BF07-0498DF1A4985}.Release|Any CPU.Build.0 = Release|Any CPU
	EndGlobalSection
	GlobalSection(SolutionProperties) = preSolution
		HideSolutionNode = FALSE
	EndGlobalSection
	GlobalSection(ExtensibilityGlobals) = postSolution
		SolutionGuid = {FDE5FF19-DC9F-4647-8DEA-7E6FCFBCFD4A}
	EndGlobalSection
EndGlobal
